
Microsoft Visual Studio Solution File, Format Version 12.00
# Visual Studio Version 17
VisualStudioVersion = 17.8.34322.80
MinimumVisualStudioVersion = 10.0.40219.1
Project("{9A19103F-16F7-4668-BE54-9A1E7A4F7556}") = "DevAlap_Inheritance", "DevAlap_Inheritance.csproj", "{63488150-1AB4-4781-B0B2-3E098E817324}"
EndProject
Project("{9A19103F-16F7-4668-BE54-9A1E7A4F7556}") = "DevAlap_Abstraction", "..\DevAlap_Abstraction\DevAlap_Abstraction.csproj", "{894BCEA2-9D4D-4E2E-8C05-EBA8920CC565}"
EndProject
Project("{FAE04EC0-301F-11D3-BF4B-00C04F79EFBC}") = "DevAlap_Encapsulation", "..\Encapsulation\DevAlap_Encapsulation.csproj", "{F12511A7-A42C-4F3F-86FA-8240303DE3F4}"
EndProject
Global
	GlobalSection(SolutionConfigurationPlatforms) = preSolution
		Debug|Any CPU = Debug|Any CPU
		Release|Any CPU = Release|Any CPU
	EndGlobalSection
	GlobalSection(ProjectConfigurationPlatforms) = postSolution
		{63488150-1AB4-4781-B0B2-3E098E817324}.Debug|Any CPU.ActiveCfg = Debug|Any CPU
		{63488150-1AB4-4781-B0B2-3E098E817324}.Debug|Any CPU.Build.0 = Debug|Any CPU
		{63488150-1AB4-4781-B0B2-3E098E817324}.Release|Any CPU.ActiveCfg = Release|Any CPU
		{63488150-1AB4-4781-B0B2-3E098E817324}.Release|Any CPU.Build.0 = Release|Any CPU
		{894BCEA2-9D4D-4E2E-8C05-EBA8920CC565}.Debug|Any CPU.ActiveCfg = Debug|Any CPU
		{894BCEA2-9D4D-4E2E-8C05-EBA8920CC565}.Debug|Any CPU.Build.0 = Debug|Any CPU
		{894BCEA2-9D4D-4E2E-8C05-EBA8920CC565}.Release|Any CPU.ActiveCfg = Release|Any CPU
		{894BCEA2-9D4D-4E2E-8C05-EBA8920CC565}.Release|Any CPU.Build.0 = Release|Any CPU
		{F12511A7-A42C-4F3F-86FA-8240303DE3F4}.Debug|Any CPU.ActiveCfg = Debug|Any CPU
		{F12511A7-A42C-4F3F-86FA-8240303DE3F4}.Debug|Any CPU.Build.0 = Debug|Any CPU
		{F12511A7-A42C-4F3F-86FA-8240303DE3F4}.Release|Any CPU.ActiveCfg = Release|Any CPU
		{F12511A7-A42C-4F3F-86FA-8240303DE3F4}.Release|Any CPU.Build.0 = Release|Any CPU
	EndGlobalSection
	GlobalSection(SolutionProperties) = preSolution
		HideSolutionNode = FALSE
	EndGlobalSection
	GlobalSection(ExtensibilityGlobals) = postSolution
		SolutionGuid = {F7FDEE03-031A-45B4-A9F4-06C2FF4A17B2}
	EndGlobalSection
EndGlobal
